
Microsoft Visual Studio Solution File, Format Version 12.00
# Visual Studio Version 16
VisualStudioVersion = 16.0.29326.143
MinimumVisualStudioVersion = 10.0.40219.1
Project("{FAE04EC0-301F-11D3-BF4B-00C04F79EFBC}") = "BlazorApp1", "BlazorApp1\BlazorApp1.csproj", "{74E62013-950C-4D7F-8545-7C9F09F2126B}"
EndProject
Global
	GlobalSection(SolutionConfigurationPlatforms) = preSolution
		Debug|Any CPU = Debug|Any CPU
		Release|Any CPU = Release|Any CPU
	EndGlobalSection
	GlobalSection(ProjectConfigurationPlatforms) = postSolution
		{74E62013-950C-4D7F-8545-7C9F09F2126B}.Debug|Any CPU.ActiveCfg = Debug|Any CPU
		{74E62013-950C-4D7F-8545-7C9F09F2126B}.Debug|Any CPU.Build.0 = Debug|Any CPU
		{74E62013-950C-4D7F-8545-7C9F09F2126B}.Release|Any CPU.ActiveCfg = Release|Any CPU
		{74E62013-950C-4D7F-8545-7C9F09F2126B}.Release|Any CPU.Build.0 = Release|Any CPU
	EndGlobalSection
	GlobalSection(SolutionProperties) = preSolution
		HideSolutionNode = FALSE
	EndGlobalSection
	GlobalSection(ExtensibilityGlobals) = postSolution
		SolutionGuid = {97EEB86A-BC7D-4737-964C-E4F6A4432285}
	EndGlobalSection
EndGlobal
